# This file is @generated by PDM.
# It is not intended for manual editing.

[metadata]
groups = ["default"]
strategy = ["inherit_metadata"]
lock_version = "4.5.0"
content_hash = "sha256:de8a0883a41b1302e71347ca17a1e5d38b107f58b8bc7d1ae933cabd501025b0"

[[metadata.targets]]
requires_python = ">=3.12"

[[package]]
name = "nanoid"
version = "2.0.0"
summary = "A tiny, secure, URL-friendly, unique string ID generator for Python"
groups = ["default"]
marker = "python_version >= \"3.12\""
files = [
    {file = "nanoid-2.0.0-py3-none-any.whl", hash = "sha256:90aefa650e328cffb0893bbd4c236cfd44c48bc1f2d0b525ecc53c3187b653bb"},
    {file = "nanoid-2.0.0.tar.gz", hash = "sha256:5a80cad5e9c6e9ae3a41fa2fb34ae189f7cb420b2a5d8f82bd9d23466e4efa68"},
]

[[package]]
name = "result"
version = "0.17.0"
requires_python = ">=3.8"
summary = "A Rust-like result type for Python"
groups = ["default"]
marker = "python_version >= \"3.12\""
dependencies = [
    "typing-extensions; python_version < \"3.10\"",
]
files = [
    {file = "result-0.17.0-py3-none-any.whl", hash = "sha256:49fd668b4951ad15800b8ccefd98b6b94effc789607e19c65064b775570933e8"},
    {file = "result-0.17.0.tar.gz", hash = "sha256:b73da420c0cb1a3bf741dbd41ff96dedafaad6a1b3ef437a9e33e380bb0d91cf"},
]
