# This file is @generated by PDM.
# It is not intended for manual editing.

[metadata]
groups = ["default"]
strategy = ["inherit_metadata"]
lock_version = "4.5.0"
content_hash = "sha256:1923f042406e809c1ced3e814d8319535c117aba6cf5b4a54e0e49899b62b6df"

[[metadata.targets]]
requires_python = ">=3.12"

[[package]]
name = "grpcio"
version = "1.68.0"
requires_python = ">=3.8"
summary = "HTTP/2-based RPC framework"
groups = ["default"]
marker = "python_version >= \"3.12\""
files = [
    {file = "grpcio-1.68.0-cp312-cp312-linux_armv7l.whl", hash = "sha256:8af6137cc4ae8e421690d276e7627cfc726d4293f6607acf9ea7260bd8fc3d7d"},
    {file = "grpcio-1.68.0-cp312-cp312-macosx_10_9_universal2.whl", hash = "sha256:4028b8e9a3bff6f377698587d642e24bd221810c06579a18420a17688e421af7"},
    {file = "grpcio-1.68.0-cp312-cp312-manylinux_2_17_aarch64.whl", hash = "sha256:f60fa2adf281fd73ae3a50677572521edca34ba373a45b457b5ebe87c2d01e1d"},
    {file = "grpcio-1.68.0-cp312-cp312-manylinux_2_17_i686.manylinux2014_i686.whl", hash = "sha256:e18589e747c1e70b60fab6767ff99b2d0c359ea1db8a2cb524477f93cdbedf5b"},
    {file = "grpcio-1.68.0-cp312-cp312-manylinux_2_17_x86_64.manylinux2014_x86_64.whl", hash = "sha256:e0d30f3fee9372796f54d3100b31ee70972eaadcc87314be369360248a3dcffe"},
    {file = "grpcio-1.68.0-cp312-cp312-musllinux_1_1_i686.whl", hash = "sha256:7e0a3e72c0e9a1acab77bef14a73a416630b7fd2cbd893c0a873edc47c42c8cd"},
    {file = "grpcio-1.68.0-cp312-cp312-musllinux_1_1_x86_64.whl", hash = "sha256:a831dcc343440969aaa812004685ed322cdb526cd197112d0db303b0da1e8659"},
    {file = "grpcio-1.68.0-cp312-cp312-win32.whl", hash = "sha256:5a180328e92b9a0050958ced34dddcb86fec5a8b332f5a229e353dafc16cd332"},
    {file = "grpcio-1.68.0-cp312-cp312-win_amd64.whl", hash = "sha256:2bddd04a790b69f7a7385f6a112f46ea0b34c4746f361ebafe9ca0be567c78e9"},
    {file = "grpcio-1.68.0-cp313-cp313-linux_armv7l.whl", hash = "sha256:fc05759ffbd7875e0ff2bd877be1438dfe97c9312bbc558c8284a9afa1d0f40e"},
    {file = "grpcio-1.68.0-cp313-cp313-macosx_10_13_universal2.whl", hash = "sha256:15fa1fe25d365a13bc6d52fcac0e3ee1f9baebdde2c9b3b2425f8a4979fccea1"},
    {file = "grpcio-1.68.0-cp313-cp313-manylinux_2_17_aarch64.whl", hash = "sha256:32a9cb4686eb2e89d97022ecb9e1606d132f85c444354c17a7dbde4a455e4a3b"},
    {file = "grpcio-1.68.0-cp313-cp313-manylinux_2_17_i686.manylinux2014_i686.whl", hash = "sha256:dba037ff8d284c8e7ea9a510c8ae0f5b016004f13c3648f72411c464b67ff2fb"},
    {file = "grpcio-1.68.0-cp313-cp313-manylinux_2_17_x86_64.manylinux2014_x86_64.whl", hash = "sha256:0efbbd849867e0e569af09e165363ade75cf84f5229b2698d53cf22c7a4f9e21"},
    {file = "grpcio-1.68.0-cp313-cp313-musllinux_1_1_i686.whl", hash = "sha256:4e300e6978df0b65cc2d100c54e097c10dfc7018b9bd890bbbf08022d47f766d"},
    {file = "grpcio-1.68.0-cp313-cp313-musllinux_1_1_x86_64.whl", hash = "sha256:6f9c7ad1a23e1047f827385f4713b5b8c6c7d325705be1dd3e31fb00dcb2f665"},
    {file = "grpcio-1.68.0-cp313-cp313-win32.whl", hash = "sha256:3ac7f10850fd0487fcce169c3c55509101c3bde2a3b454869639df2176b60a03"},
    {file = "grpcio-1.68.0-cp313-cp313-win_amd64.whl", hash = "sha256:afbf45a62ba85a720491bfe9b2642f8761ff348006f5ef67e4622621f116b04a"},
    {file = "grpcio-1.68.0.tar.gz", hash = "sha256:7e7483d39b4a4fddb9906671e9ea21aaad4f031cdfc349fec76bdfa1e404543a"},
]

[[package]]
name = "grpcio-tools"
version = "1.68.0"
requires_python = ">=3.8"
summary = "Protobuf code generator for gRPC"
groups = ["default"]
marker = "python_version >= \"3.12\""
dependencies = [
    "grpcio>=1.68.0",
    "protobuf<6.0dev,>=5.26.1",
    "setuptools",
]
files = [
    {file = "grpcio_tools-1.68.0-cp312-cp312-linux_armv7l.whl", hash = "sha256:dd9a654af8536b3de8525bff72a245fef62d572eabf96ac946fe850e707cb27d"},
    {file = "grpcio_tools-1.68.0-cp312-cp312-macosx_10_9_universal2.whl", hash = "sha256:0f77957e3a0916a0dd18d57ce6b49d95fc9a5cfed92310f226339c0fda5394f6"},
    {file = "grpcio_tools-1.68.0-cp312-cp312-manylinux_2_17_aarch64.whl", hash = "sha256:92a09afe64fe26696595de2036e10967876d26b12c894cc9160f00152cacebe7"},
    {file = "grpcio_tools-1.68.0-cp312-cp312-manylinux_2_17_i686.manylinux2014_i686.whl", hash = "sha256:28ebdbad2ef16699d07400b65260240851049a75502eff69a59b127d3ab960f1"},
    {file = "grpcio_tools-1.68.0-cp312-cp312-manylinux_2_17_x86_64.manylinux2014_x86_64.whl", hash = "sha256:5d3150d784d8050b10dcf5eb06e04fb90747a1547fed3a062a608d940fe57066"},
    {file = "grpcio_tools-1.68.0-cp312-cp312-musllinux_1_1_i686.whl", hash = "sha256:261d98fd635595de42aadee848f9af46da6654d63791c888891e94f66c5d0682"},
    {file = "grpcio_tools-1.68.0-cp312-cp312-musllinux_1_1_x86_64.whl", hash = "sha256:061345c0079b9471f32230186ab01acb908ea0e577bc1699a8cf47acef8be4af"},
    {file = "grpcio_tools-1.68.0-cp312-cp312-win32.whl", hash = "sha256:533ce6791a5ba21e35d74c6c25caf4776f5692785a170c01ea1153783ad5af31"},
    {file = "grpcio_tools-1.68.0-cp312-cp312-win_amd64.whl", hash = "sha256:56842a0ce74b4b92eb62cd5ee00181b2d3acc58ba0c4fd20d15a5db51f891ba6"},
    {file = "grpcio_tools-1.68.0-cp313-cp313-linux_armv7l.whl", hash = "sha256:1117a81592542f0c36575082daa6413c57ca39188b18a4c50ec7332616f4b97e"},
    {file = "grpcio_tools-1.68.0-cp313-cp313-macosx_10_13_universal2.whl", hash = "sha256:51e5a090849b30c99a2396d42140b8a3e558eff6cdfa12603f9582e2cd07724e"},
    {file = "grpcio_tools-1.68.0-cp313-cp313-manylinux_2_17_aarch64.whl", hash = "sha256:4fe611d89a1836df8936f066d39c7eb03d4241806449ec45d4b8e1c843ae8011"},
    {file = "grpcio_tools-1.68.0-cp313-cp313-manylinux_2_17_i686.manylinux2014_i686.whl", hash = "sha256:c10f3faa0cc4d89eb546f53b623837af23e86dc495d3b89510bcc0e0a6c0b8b2"},
    {file = "grpcio_tools-1.68.0-cp313-cp313-manylinux_2_17_x86_64.manylinux2014_x86_64.whl", hash = "sha256:46b537480b8fd2195d988120a28467601a2a3de2e504043b89fb90318e1eb754"},
    {file = "grpcio_tools-1.68.0-cp313-cp313-musllinux_1_1_i686.whl", hash = "sha256:17d0c9004ea82b4213955a585401e80c30d4b37a1d4ace32ccdea8db4d3b7d43"},
    {file = "grpcio_tools-1.68.0-cp313-cp313-musllinux_1_1_x86_64.whl", hash = "sha256:2919faae04fe47bad57fc9b578aeaab527da260e851f321a253b6b11862254a8"},
    {file = "grpcio_tools-1.68.0-cp313-cp313-win32.whl", hash = "sha256:ee86157ef899f58ba2fe1055cce0d33bd703e99aa6d5a0895581ac3969f06bfa"},
    {file = "grpcio_tools-1.68.0-cp313-cp313-win_amd64.whl", hash = "sha256:d0470ffc6a93c86cdda48edd428d22e2fef17d854788d60d0d5f291038873157"},
    {file = "grpcio_tools-1.68.0.tar.gz", hash = "sha256:737804ec2225dd4cc27e633b4ca0e963b0795161bf678285fab6586e917fd867"},
]

[[package]]
name = "nanoid"
version = "2.0.0"
summary = "A tiny, secure, URL-friendly, unique string ID generator for Python"
groups = ["default"]
marker = "python_version >= \"3.12\""
files = [
    {file = "nanoid-2.0.0-py3-none-any.whl", hash = "sha256:90aefa650e328cffb0893bbd4c236cfd44c48bc1f2d0b525ecc53c3187b653bb"},
    {file = "nanoid-2.0.0.tar.gz", hash = "sha256:5a80cad5e9c6e9ae3a41fa2fb34ae189f7cb420b2a5d8f82bd9d23466e4efa68"},
]

[[package]]
name = "protobuf"
version = "5.28.3"
requires_python = ">=3.8"
summary = ""
groups = ["default"]
marker = "python_version >= \"3.12\""
files = [
    {file = "protobuf-5.28.3-cp310-abi3-win32.whl", hash = "sha256:0c4eec6f987338617072592b97943fdbe30d019c56126493111cf24344c1cc24"},
    {file = "protobuf-5.28.3-cp310-abi3-win_amd64.whl", hash = "sha256:91fba8f445723fcf400fdbe9ca796b19d3b1242cd873907979b9ed71e4afe868"},
    {file = "protobuf-5.28.3-cp38-abi3-macosx_10_9_universal2.whl", hash = "sha256:a3f6857551e53ce35e60b403b8a27b0295f7d6eb63d10484f12bc6879c715687"},
    {file = "protobuf-5.28.3-cp38-abi3-manylinux2014_aarch64.whl", hash = "sha256:3fa2de6b8b29d12c61911505d893afe7320ce7ccba4df913e2971461fa36d584"},
    {file = "protobuf-5.28.3-cp38-abi3-manylinux2014_x86_64.whl", hash = "sha256:712319fbdddb46f21abb66cd33cb9e491a5763b2febd8f228251add221981135"},
    {file = "protobuf-5.28.3-py3-none-any.whl", hash = "sha256:cee1757663fa32a1ee673434fcf3bf24dd54763c79690201208bafec62f19eed"},
    {file = "protobuf-5.28.3.tar.gz", hash = "sha256:64badbc49180a5e401f373f9ce7ab1d18b63f7dd4a9cdc43c92b9f0b481cef7b"},
]

[[package]]
name = "result"
version = "0.17.0"
requires_python = ">=3.8"
summary = "A Rust-like result type for Python"
groups = ["default"]
marker = "python_version >= \"3.12\""
dependencies = [
    "typing-extensions; python_version < \"3.10\"",
]
files = [
    {file = "result-0.17.0-py3-none-any.whl", hash = "sha256:49fd668b4951ad15800b8ccefd98b6b94effc789607e19c65064b775570933e8"},
    {file = "result-0.17.0.tar.gz", hash = "sha256:b73da420c0cb1a3bf741dbd41ff96dedafaad6a1b3ef437a9e33e380bb0d91cf"},
]

[[package]]
name = "setuptools"
version = "75.2.0"
requires_python = ">=3.8"
summary = "Easily download, build, install, upgrade, and uninstall Python packages"
groups = ["default"]
marker = "python_version >= \"3.12\""
files = [
    {file = "setuptools-75.2.0-py3-none-any.whl", hash = "sha256:a7fcb66f68b4d9e8e66b42f9876150a3371558f98fa32222ffaa5bced76406f8"},
    {file = "setuptools-75.2.0.tar.gz", hash = "sha256:753bb6ebf1f465a1912e19ed1d41f403a79173a9acf66a42e7e6aec45c3c16ec"},
]
